
Microsoft Visual Studio Solution File, Format Version 12.00
# Visual Studio Version 17
VisualStudioVersion = 17.1.32210.238
MinimumVisualStudioVersion = 10.0.40219.1
Project("{9A19103F-16F7-4668-BE54-9A1E7A4F7556}") = "AuthenticationServer", "AuthenticationServer\AuthenticationServer.csproj", "{53BC0757-1E46-444A-AD67-F6F44D0D8E18}"
EndProject
Project("{9A19103F-16F7-4668-BE54-9A1E7A4F7556}") = "ClientApp", "ClientApi\ClientApp.csproj", "{0CB25D71-0154-40E1-8B5A-C303F64E7196}"
EndProject
Global
	GlobalSection(SolutionConfigurationPlatforms) = preSolution
		Debug|Any CPU = Debug|Any CPU
		Release|Any CPU = Release|Any CPU
	EndGlobalSection
	GlobalSection(ProjectConfigurationPlatforms) = postSolution
		{53BC0757-1E46-444A-AD67-F6F44D0D8E18}.Debug|Any CPU.ActiveCfg = Debug|Any CPU
		{53BC0757-1E46-444A-AD67-F6F44D0D8E18}.Debug|Any CPU.Build.0 = Debug|Any CPU
		{53BC0757-1E46-444A-AD67-F6F44D0D8E18}.Release|Any CPU.ActiveCfg = Release|Any CPU
		{53BC0757-1E46-444A-AD67-F6F44D0D8E18}.Release|Any CPU.Build.0 = Release|Any CPU
		{0CB25D71-0154-40E1-8B5A-C303F64E7196}.Debug|Any CPU.ActiveCfg = Debug|Any CPU
		{0CB25D71-0154-40E1-8B5A-C303F64E7196}.Debug|Any CPU.Build.0 = Debug|Any CPU
		{0CB25D71-0154-40E1-8B5A-C303F64E7196}.Release|Any CPU.ActiveCfg = Release|Any CPU
		{0CB25D71-0154-40E1-8B5A-C303F64E7196}.Release|Any CPU.Build.0 = Release|Any CPU
	EndGlobalSection
	GlobalSection(SolutionProperties) = preSolution
		HideSolutionNode = FALSE
	EndGlobalSection
	GlobalSection(ExtensibilityGlobals) = postSolution
		SolutionGuid = {E57EC4DD-E5D2-4869-89C4-D90B6A256D64}
	EndGlobalSection
EndGlobal
